
Microsoft Visual Studio Solution File, Format Version 12.00
# Visual Studio Version 16
VisualStudioVersion = 16.0.31624.102
MinimumVisualStudioVersion = 10.0.40219.1
Project("{FAE04EC0-301F-11D3-BF4B-00C04F79EFBC}") = "App01_LayoutXF.UWP", "App01_LayoutXF\App01_LayoutXF.UWP\App01_LayoutXF.UWP.csproj", "{473EB2F1-AC0A-485B-8D58-B26FADAA46E8}"
EndProject
Project("{FAE04EC0-301F-11D3-BF4B-00C04F79EFBC}") = "App01_LayoutXF.Android", "App01_LayoutXF\App01_LayoutXF.Android\App01_LayoutXF.Android.csproj", "{E4183D57-B2F5-422B-BEA6-5B861C4AECB4}"
EndProject
Project("{FAE04EC0-301F-11D3-BF4B-00C04F79EFBC}") = "App01_LayoutXF.iOS", "App01_LayoutXF\App01_LayoutXF.iOS\App01_LayoutXF.iOS.csproj", "{DDF33F4E-6BDE-4011-8B2B-9F92F9E579F9}"
EndProject
Project("{FAE04EC0-301F-11D3-BF4B-00C04F79EFBC}") = "App01_LayoutXF", "App01_LayoutXF\App01_LayoutXF\App01_LayoutXF.csproj", "{621CD6DF-B320-4835-8751-9053677723D5}"
EndProject
Global
	GlobalSection(SolutionConfigurationPlatforms) = preSolution
		Debug|Any CPU = Debug|Any CPU
		Debug|ARM = Debug|ARM
		Debug|iPhone = Debug|iPhone
		Debug|iPhoneSimulator = Debug|iPhoneSimulator
		Debug|x64 = Debug|x64
		Debug|x86 = Debug|x86
		Release|Any CPU = Release|Any CPU
		Release|ARM = Release|ARM
		Release|iPhone = Release|iPhone
		Release|iPhoneSimulator = Release|iPhoneSimulator
		Release|x64 = Release|x64
		Release|x86 = Release|x86
	EndGlobalSection
	GlobalSection(ProjectConfigurationPlatforms) = postSolution
		{473EB2F1-AC0A-485B-8D58-B26FADAA46E8}.Debug|Any CPU.ActiveCfg = Debug|x86
		{473EB2F1-AC0A-485B-8D58-B26FADAA46E8}.Debug|Any CPU.Build.0 = Debug|x86
		{473EB2F1-AC0A-485B-8D58-B26FADAA46E8}.Debug|Any CPU.Deploy.0 = Debug|x86
		{473EB2F1-AC0A-485B-8D58-B26FADAA46E8}.Debug|ARM.ActiveCfg = Debug|ARM
		{473EB2F1-AC0A-485B-8D58-B26FADAA46E8}.Debug|ARM.Build.0 = Debug|ARM
		{473EB2F1-AC0A-485B-8D58-B26FADAA46E8}.Debug|ARM.Deploy.0 = Debug|ARM
		{473EB2F1-AC0A-485B-8D58-B26FADAA46E8}.Debug|iPhone.ActiveCfg = Debug|x86
		{473EB2F1-AC0A-485B-8D58-B26FADAA46E8}.Debug|iPhone.Build.0 = Debug|x86
		{473EB2F1-AC0A-485B-8D58-B26FADAA46E8}.Debug|iPhone.Deploy.0 = Debug|x86
		{473EB2F1-AC0A-485B-8D58-B26FADAA46E8}.Debug|iPhoneSimulator.ActiveCfg = Debug|x86
		{473EB2F1-AC0A-485B-8D58-B26FADAA46E8}.Debug|iPhoneSimulator.Build.0 = Debug|x86
		{473EB2F1-AC0A-485B-8D58-B26FADAA46E8}.Debug|iPhoneSimulator.Deploy.0 = Debug|x86
		{473EB2F1-AC0A-485B-8D58-B26FADAA46E8}.Debug|x64.ActiveCfg = Debug|x64
		{473EB2F1-AC0A-485B-8D58-B26FADAA46E8}.Debug|x64.Build.0 = Debug|x64
		{473EB2F1-AC0A-485B-8D58-B26FADAA46E8}.Debug|x64.Deploy.0 = Debug|x64
		{473EB2F1-AC0A-485B-8D58-B26FADAA46E8}.Debug|x86.ActiveCfg = Debug|x86
		{473EB2F1-AC0A-485B-8D58-B26FADAA46E8}.Debug|x86.Build.0 = Debug|x86
		{473EB2F1-AC0A-485B-8D58-B26FADAA46E8}.Debug|x86.Deploy.0 = Debug|x86
		{473EB2F1-AC0A-485B-8D58-B26FADAA46E8}.Release|Any CPU.ActiveCfg = Release|x86
		{473EB2F1-AC0A-485B-8D58-B26FADAA46E8}.Release|Any CPU.Build.0 = Release|x86
		{473EB2F1-AC0A-485B-8D58-B26FADAA46E8}.Release|Any CPU.Deploy.0 = Release|x86
		{473EB2F1-AC0A-485B-8D58-B26FADAA46E8}.Release|ARM.ActiveCfg = Release|ARM
		{473EB2F1-AC0A-485B-8D58-B26FADAA46E8}.Release|ARM.Build.0 = Release|ARM
		{473EB2F1-AC0A-485B-8D58-B26FADAA46E8}.Release|ARM.Deploy.0 = Release|ARM
		{473EB2F1-AC0A-485B-8D58-B26FADAA46E8}.Release|iPhone.ActiveCfg = Release|x86
		{473EB2F1-AC0A-485B-8D58-B26FADAA46E8}.Release|iPhone.Build.0 = Release|x86
		{473EB2F1-AC0A-485B-8D58-B26FADAA46E8}.Release|iPhone.Deploy.0 = Release|x86
		{473EB2F1-AC0A-485B-8D58-B26FADAA46E8}.Release|iPhoneSimulator.ActiveCfg = Release|x86
		{473EB2F1-AC0A-485B-8D58-B26FADAA46E8}.Release|iPhoneSimulator.Build.0 = Release|x86
		{473EB2F1-AC0A-485B-8D58-B26FADAA46E8}.Release|iPhoneSimulator.Deploy.0 = Release|x86
		{473EB2F1-AC0A-485B-8D58-B26FADAA46E8}.Release|x64.ActiveCfg = Release|x64
		{473EB2F1-AC0A-485B-8D58-B26FADAA46E8}.Release|x64.Build.0 = Release|x64
		{473EB2F1-AC0A-485B-8D58-B26FADAA46E8}.Release|x64.Deploy.0 = Release|x64
		{473EB2F1-AC0A-485B-8D58-B26FADAA46E8}.Release|x86.ActiveCfg = Release|x86
		{473EB2F1-AC0A-485B-8D58-B26FADAA46E8}.Release|x86.Build.0 = Release|x86
		{473EB2F1-AC0A-485B-8D58-B26FADAA46E8}.Release|x86.Deploy.0 = Release|x86
		{E4183D57-B2F5-422B-BEA6-5B861C4AECB4}.Debug|Any CPU.ActiveCfg = Debug|Any CPU
		{E4183D57-B2F5-422B-BEA6-5B861C4AECB4}.Debug|Any CPU.Build.0 = Debug|Any CPU
		{E4183D57-B2F5-422B-BEA6-5B861C4AECB4}.Debug|Any CPU.Deploy.0 = Debug|Any CPU
		{E4183D57-B2F5-422B-BEA6-5B861C4AECB4}.Debug|ARM.ActiveCfg = Debug|Any CPU
		{E4183D57-B2F5-422B-BEA6-5B861C4AECB4}.Debug|ARM.Build.0 = Debug|Any CPU
		{E4183D57-B2F5-422B-BEA6-5B861C4AECB4}.Debug|ARM.Deploy.0 = Debug|Any CPU
		{E4183D57-B2F5-422B-BEA6-5B861C4AECB4}.Debug|iPhone.ActiveCfg = Debug|Any CPU
		{E4183D57-B2F5-422B-BEA6-5B861C4AECB4}.Debug|iPhone.Build.0 = Debug|Any CPU
		{E4183D57-B2F5-422B-BEA6-5B861C4AECB4}.Debug|iPhone.Deploy.0 = Debug|Any CPU
		{E4183D57-B2F5-422B-BEA6-5B861C4AECB4}.Debug|iPhoneSimulator.ActiveCfg = Debug|Any CPU
		{E4183D57-B2F5-422B-BEA6-5B861C4AECB4}.Debug|iPhoneSimulator.Build.0 = Debug|Any CPU
		{E4183D57-B2F5-422B-BEA6-5B861C4AECB4}.Debug|iPhoneSimulator.Deploy.0 = Debug|Any CPU
		{E4183D57-B2F5-422B-BEA6-5B861C4AECB4}.Debug|x64.ActiveCfg = Debug|Any CPU
		{E4183D57-B2F5-422B-BEA6-5B861C4AECB4}.Debug|x64.Build.0 = Debug|Any CPU
		{E4183D57-B2F5-422B-BEA6-5B861C4AECB4}.Debug|x64.Deploy.0 = Debug|Any CPU
		{E4183D57-B2F5-422B-BEA6-5B861C4AECB4}.Debug|x86.ActiveCfg = Debug|Any CPU
		{E4183D57-B2F5-422B-BEA6-5B861C4AECB4}.Debug|x86.Build.0 = Debug|Any CPU
		{E4183D57-B2F5-422B-BEA6-5B861C4AECB4}.Debug|x86.Deploy.0 = Debug|Any CPU
		{E4183D57-B2F5-422B-BEA6-5B861C4AECB4}.Release|Any CPU.ActiveCfg = Release|Any CPU
		{E4183D57-B2F5-422B-BEA6-5B861C4AECB4}.Release|Any CPU.Build.0 = Release|Any CPU
		{E4183D57-B2F5-422B-BEA6-5B861C4AECB4}.Release|Any CPU.Deploy.0 = Release|Any CPU
		{E4183D57-B2F5-422B-BEA6-5B861C4AECB4}.Release|ARM.ActiveCfg = Release|Any CPU
		{E4183D57-B2F5-422B-BEA6-5B861C4AECB4}.Release|ARM.Build.0 = Release|Any CPU
		{E4183D57-B2F5-422B-BEA6-5B861C4AECB4}.Release|ARM.Deploy.0 = Release|Any CPU
		{E4183D57-B2F5-422B-BEA6-5B861C4AECB4}.Release|iPhone.ActiveCfg = Release|Any CPU
		{E4183D57-B2F5-422B-BEA6-5B861C4AECB4}.Release|iPhone.Build.0 = Release|Any CPU
		{E4183D57-B2F5-422B-BEA6-5B861C4AECB4}.Release|iPhone.Deploy.0 = Release|Any CPU
		{E4183D57-B2F5-422B-BEA6-5B861C4AECB4}.Release|iPhoneSimulator.ActiveCfg = Release|Any CPU
		{E4183D57-B2F5-422B-BEA6-5B861C4AECB4}.Release|iPhoneSimulator.Build.0 = Release|Any CPU
		{E4183D57-B2F5-422B-BEA6-5B861C4AECB4}.Release|iPhoneSimulator.Deploy.0 = Release|Any CPU
		{E4183D57-B2F5-422B-BEA6-5B861C4AECB4}.Release|x64.ActiveCfg = Release|Any CPU
		{E4183D57-B2F5-422B-BEA6-5B861C4AECB4}.Release|x64.Build.0 = Release|Any CPU
		{E4183D57-B2F5-422B-BEA6-5B861C4AECB4}.Release|x64.Deploy.0 = Release|Any CPU
		{E4183D57-B2F5-422B-BEA6-5B861C4AECB4}.Release|x86.ActiveCfg = Release|Any CPU
		{E4183D57-B2F5-422B-BEA6-5B861C4AECB4}.Release|x86.Build.0 = Release|Any CPU
		{E4183D57-B2F5-422B-BEA6-5B861C4AECB4}.Release|x86.Deploy.0 = Release|Any CPU
		{DDF33F4E-6BDE-4011-8B2B-9F92F9E579F9}.Debug|Any CPU.ActiveCfg = Debug|iPhoneSimulator
		{DDF33F4E-6BDE-4011-8B2B-9F92F9E579F9}.Debug|Any CPU.Build.0 = Debug|iPhoneSimulator
		{DDF33F4E-6BDE-4011-8B2B-9F92F9E579F9}.Debug|Any CPU.Deploy.0 = Debug|iPhoneSimulator
		{DDF33F4E-6BDE-4011-8B2B-9F92F9E579F9}.Debug|ARM.ActiveCfg = Debug|iPhone
		{DDF33F4E-6BDE-4011-8B2B-9F92F9E579F9}.Debug|ARM.Build.0 = Debug|iPhone
		{DDF33F4E-6BDE-4011-8B2B-9F92F9E579F9}.Debug|ARM.Deploy.0 = Debug|iPhone
		{DDF33F4E-6BDE-4011-8B2B-9F92F9E579F9}.Debug|iPhone.ActiveCfg = Debug|iPhone
		{DDF33F4E-6BDE-4011-8B2B-9F92F9E579F9}.Debug|iPhone.Build.0 = Debug|iPhone
		{DDF33F4E-6BDE-4011-8B2B-9F92F9E579F9}.Debug|iPhone.Deploy.0 = Debug|iPhone
		{DDF33F4E-6BDE-4011-8B2B-9F92F9E579F9}.Debug|iPhoneSimulator.ActiveCfg = Debug|iPhoneSimulator
		{DDF33F4E-6BDE-4011-8B2B-9F92F9E579F9}.Debug|iPhoneSimulator.Build.0 = Debug|iPhoneSimulator
		{DDF33F4E-6BDE-4011-8B2B-9F92F9E579F9}.Debug|iPhoneSimulator.Deploy.0 = Debug|iPhoneSimulator
		{DDF33F4E-6BDE-4011-8B2B-9F92F9E579F9}.Debug|x64.ActiveCfg = Debug|iPhoneSimulator
		{DDF33F4E-6BDE-4011-8B2B-9F92F9E579F9}.Debug|x64.Build.0 = Debug|iPhoneSimulator
		{DDF33F4E-6BDE-4011-8B2B-9F92F9E579F9}.Debug|x64.Deploy.0 = Debug|iPhoneSimulator
		{DDF33F4E-6BDE-4011-8B2B-9F92F9E579F9}.Debug|x86.ActiveCfg = Debug|iPhoneSimulator
		{DDF33F4E-6BDE-4011-8B2B-9F92F9E579F9}.Debug|x86.Build.0 = Debug|iPhoneSimulator
		{DDF33F4E-6BDE-4011-8B2B-9F92F9E579F9}.Debug|x86.Deploy.0 = Debug|iPhoneSimulator
		{DDF33F4E-6BDE-4011-8B2B-9F92F9E579F9}.Release|Any CPU.ActiveCfg = Release|iPhoneSimulator
		{DDF33F4E-6BDE-4011-8B2B-9F92F9E579F9}.Release|Any CPU.Build.0 = Release|iPhoneSimulator
		{DDF33F4E-6BDE-4011-8B2B-9F92F9E579F9}.Release|Any CPU.Deploy.0 = Release|iPhoneSimulator
		{DDF33F4E-6BDE-4011-8B2B-9F92F9E579F9}.Release|ARM.ActiveCfg = Release|iPhoneSimulator
		{DDF33F4E-6BDE-4011-8B2B-9F92F9E579F9}.Release|ARM.Build.0 = Release|iPhoneSimulator
		{DDF33F4E-6BDE-4011-8B2B-9F92F9E579F9}.Release|ARM.Deploy.0 = Release|iPhoneSimulator
		{DDF33F4E-6BDE-4011-8B2B-9F92F9E579F9}.Release|iPhone.ActiveCfg = Release|iPhone
		{DDF33F4E-6BDE-4011-8B2B-9F92F9E579F9}.Release|iPhone.Build.0 = Release|iPhone
		{DDF33F4E-6BDE-4011-8B2B-9F92F9E579F9}.Release|iPhone.Deploy.0 = Release|iPhone
		{DDF33F4E-6BDE-4011-8B2B-9F92F9E579F9}.Release|iPhoneSimulator.ActiveCfg = Release|iPhoneSimulator
		{DDF33F4E-6BDE-4011-8B2B-9F92F9E579F9}.Release|iPhoneSimulator.Build.0 = Release|iPhoneSimulator
		{DDF33F4E-6BDE-4011-8B2B-9F92F9E579F9}.Release|iPhoneSimulator.Deploy.0 = Release|iPhoneSimulator
		{DDF33F4E-6BDE-4011-8B2B-9F92F9E579F9}.Release|x64.ActiveCfg = Release|iPhoneSimulator
		{DDF33F4E-6BDE-4011-8B2B-9F92F9E579F9}.Release|x64.Build.0 = Release|iPhoneSimulator
		{DDF33F4E-6BDE-4011-8B2B-9F92F9E579F9}.Release|x64.Deploy.0 = Release|iPhoneSimulator
		{DDF33F4E-6BDE-4011-8B2B-9F92F9E579F9}.Release|x86.ActiveCfg = Release|iPhoneSimulator
		{DDF33F4E-6BDE-4011-8B2B-9F92F9E579F9}.Release|x86.Build.0 = Release|iPhoneSimulator
		{DDF33F4E-6BDE-4011-8B2B-9F92F9E579F9}.Release|x86.Deploy.0 = Release|iPhoneSimulator
		{621CD6DF-B320-4835-8751-9053677723D5}.Debug|Any CPU.ActiveCfg = Debug|Any CPU
		{621CD6DF-B320-4835-8751-9053677723D5}.Debug|Any CPU.Build.0 = Debug|Any CPU
		{621CD6DF-B320-4835-8751-9053677723D5}.Debug|Any CPU.Deploy.0 = Debug|Any CPU
		{621CD6DF-B320-4835-8751-9053677723D5}.Debug|ARM.ActiveCfg = Debug|Any CPU
		{621CD6DF-B320-4835-8751-9053677723D5}.Debug|ARM.Build.0 = Debug|Any CPU
		{621CD6DF-B320-4835-8751-9053677723D5}.Debug|ARM.Deploy.0 = Debug|Any CPU
		{621CD6DF-B320-4835-8751-9053677723D5}.Debug|iPhone.ActiveCfg = Debug|Any CPU
		{621CD6DF-B320-4835-8751-9053677723D5}.Debug|iPhone.Build.0 = Debug|Any CPU
		{621CD6DF-B320-4835-8751-9053677723D5}.Debug|iPhone.Deploy.0 = Debug|Any CPU
		{621CD6DF-B320-4835-8751-9053677723D5}.Debug|iPhoneSimulator.ActiveCfg = Debug|Any CPU
		{621CD6DF-B320-4835-8751-9053677723D5}.Debug|iPhoneSimulator.Build.0 = Debug|Any CPU
		{621CD6DF-B320-4835-8751-9053677723D5}.Debug|iPhoneSimulator.Deploy.0 = Debug|Any CPU
		{621CD6DF-B320-4835-8751-9053677723D5}.Debug|x64.ActiveCfg = Debug|Any CPU
		{621CD6DF-B320-4835-8751-9053677723D5}.Debug|x64.Build.0 = Debug|Any CPU
		{621CD6DF-B320-4835-8751-9053677723D5}.Debug|x64.Deploy.0 = Debug|Any CPU
		{621CD6DF-B320-4835-8751-9053677723D5}.Debug|x86.ActiveCfg = Debug|Any CPU
		{621CD6DF-B320-4835-8751-9053677723D5}.Debug|x86.Build.0 = Debug|Any CPU
		{621CD6DF-B320-4835-8751-9053677723D5}.Debug|x86.Deploy.0 = Debug|Any CPU
		{621CD6DF-B320-4835-8751-9053677723D5}.Release|Any CPU.ActiveCfg = Release|Any CPU
		{621CD6DF-B320-4835-8751-9053677723D5}.Release|Any CPU.Build.0 = Release|Any CPU
		{621CD6DF-B320-4835-8751-9053677723D5}.Release|Any CPU.Deploy.0 = Release|Any CPU
		{621CD6DF-B320-4835-8751-9053677723D5}.Release|ARM.ActiveCfg = Release|Any CPU
		{621CD6DF-B320-4835-8751-9053677723D5}.Release|ARM.Build.0 = Release|Any CPU
		{621CD6DF-B320-4835-8751-9053677723D5}.Release|ARM.Deploy.0 = Release|Any CPU
		{621CD6DF-B320-4835-8751-9053677723D5}.Release|iPhone.ActiveCfg = Release|Any CPU
		{621CD6DF-B320-4835-8751-9053677723D5}.Release|iPhone.Build.0 = Release|Any CPU
		{621CD6DF-B320-4835-8751-9053677723D5}.Release|iPhone.Deploy.0 = Release|Any CPU
		{621CD6DF-B320-4835-8751-9053677723D5}.Release|iPhoneSimulator.ActiveCfg = Release|Any CPU
		{621CD6DF-B320-4835-8751-9053677723D5}.Release|iPhoneSimulator.Build.0 = Release|Any CPU
		{621CD6DF-B320-4835-8751-9053677723D5}.Release|iPhoneSimulator.Deploy.0 = Release|Any CPU
		{621CD6DF-B320-4835-8751-9053677723D5}.Release|x64.ActiveCfg = Release|Any CPU
		{621CD6DF-B320-4835-8751-9053677723D5}.Release|x64.Build.0 = Release|Any CPU
		{621CD6DF-B320-4835-8751-9053677723D5}.Release|x64.Deploy.0 = Release|Any CPU
		{621CD6DF-B320-4835-8751-9053677723D5}.Release|x86.ActiveCfg = Release|Any CPU
		{621CD6DF-B320-4835-8751-9053677723D5}.Release|x86.Build.0 = Release|Any CPU
		{621CD6DF-B320-4835-8751-9053677723D5}.Release|x86.Deploy.0 = Release|Any CPU
	EndGlobalSection
	GlobalSection(SolutionProperties) = preSolution
		HideSolutionNode = FALSE
	EndGlobalSection
	GlobalSection(ExtensibilityGlobals) = postSolution
		SolutionGuid = {5182C339-56E3-40E7-BCAF-3447682268BD}
	EndGlobalSection
EndGlobal
