
Microsoft Visual Studio Solution File, Format Version 12.00
# Visual Studio Version 16
VisualStudioVersion = 16.0.31624.102
MinimumVisualStudioVersion = 10.0.40219.1
Project("{FAE04EC0-301F-11D3-BF4B-00C04F79EFBC}") = "App02 TipoPageXF.UWP", "App02 TipoPageXF\App02 TipoPageXF.UWP\App02 TipoPageXF.UWP.csproj", "{3849CF86-180A-4623-87D1-57EF889BA783}"
EndProject
Project("{FAE04EC0-301F-11D3-BF4B-00C04F79EFBC}") = "App02 TipoPageXF.Android", "App02 TipoPageXF\App02 TipoPageXF.Android\App02 TipoPageXF.Android.csproj", "{96677276-B38F-4603-8624-1DFC28BFAF95}"
EndProject
Project("{FAE04EC0-301F-11D3-BF4B-00C04F79EFBC}") = "App02 TipoPageXF.iOS", "App02 TipoPageXF\App02 TipoPageXF.iOS\App02 TipoPageXF.iOS.csproj", "{2BEEFB07-59F1-4A1C-8A2B-6FF08D2295DF}"
EndProject
Project("{FAE04EC0-301F-11D3-BF4B-00C04F79EFBC}") = "App02 TipoPageXF", "App02 TipoPageXF\App02 TipoPageXF\App02 TipoPageXF.csproj", "{CEE1D325-2BF4-4EE6-9508-B8F2B7EAD23F}"
EndProject
Global
	GlobalSection(SolutionConfigurationPlatforms) = preSolution
		Debug|Any CPU = Debug|Any CPU
		Debug|ARM = Debug|ARM
		Debug|iPhone = Debug|iPhone
		Debug|iPhoneSimulator = Debug|iPhoneSimulator
		Debug|x64 = Debug|x64
		Debug|x86 = Debug|x86
		Release|Any CPU = Release|Any CPU
		Release|ARM = Release|ARM
		Release|iPhone = Release|iPhone
		Release|iPhoneSimulator = Release|iPhoneSimulator
		Release|x64 = Release|x64
		Release|x86 = Release|x86
	EndGlobalSection
	GlobalSection(ProjectConfigurationPlatforms) = postSolution
		{3849CF86-180A-4623-87D1-57EF889BA783}.Debug|Any CPU.ActiveCfg = Debug|x86
		{3849CF86-180A-4623-87D1-57EF889BA783}.Debug|Any CPU.Build.0 = Debug|x86
		{3849CF86-180A-4623-87D1-57EF889BA783}.Debug|Any CPU.Deploy.0 = Debug|x86
		{3849CF86-180A-4623-87D1-57EF889BA783}.Debug|ARM.ActiveCfg = Debug|ARM
		{3849CF86-180A-4623-87D1-57EF889BA783}.Debug|ARM.Build.0 = Debug|ARM
		{3849CF86-180A-4623-87D1-57EF889BA783}.Debug|ARM.Deploy.0 = Debug|ARM
		{3849CF86-180A-4623-87D1-57EF889BA783}.Debug|iPhone.ActiveCfg = Debug|x86
		{3849CF86-180A-4623-87D1-57EF889BA783}.Debug|iPhone.Build.0 = Debug|x86
		{3849CF86-180A-4623-87D1-57EF889BA783}.Debug|iPhone.Deploy.0 = Debug|x86
		{3849CF86-180A-4623-87D1-57EF889BA783}.Debug|iPhoneSimulator.ActiveCfg = Debug|x86
		{3849CF86-180A-4623-87D1-57EF889BA783}.Debug|iPhoneSimulator.Build.0 = Debug|x86
		{3849CF86-180A-4623-87D1-57EF889BA783}.Debug|iPhoneSimulator.Deploy.0 = Debug|x86
		{3849CF86-180A-4623-87D1-57EF889BA783}.Debug|x64.ActiveCfg = Debug|x64
		{3849CF86-180A-4623-87D1-57EF889BA783}.Debug|x64.Build.0 = Debug|x64
		{3849CF86-180A-4623-87D1-57EF889BA783}.Debug|x64.Deploy.0 = Debug|x64
		{3849CF86-180A-4623-87D1-57EF889BA783}.Debug|x86.ActiveCfg = Debug|x86
		{3849CF86-180A-4623-87D1-57EF889BA783}.Debug|x86.Build.0 = Debug|x86
		{3849CF86-180A-4623-87D1-57EF889BA783}.Debug|x86.Deploy.0 = Debug|x86
		{3849CF86-180A-4623-87D1-57EF889BA783}.Release|Any CPU.ActiveCfg = Release|x86
		{3849CF86-180A-4623-87D1-57EF889BA783}.Release|Any CPU.Build.0 = Release|x86
		{3849CF86-180A-4623-87D1-57EF889BA783}.Release|Any CPU.Deploy.0 = Release|x86
		{3849CF86-180A-4623-87D1-57EF889BA783}.Release|ARM.ActiveCfg = Release|ARM
		{3849CF86-180A-4623-87D1-57EF889BA783}.Release|ARM.Build.0 = Release|ARM
		{3849CF86-180A-4623-87D1-57EF889BA783}.Release|ARM.Deploy.0 = Release|ARM
		{3849CF86-180A-4623-87D1-57EF889BA783}.Release|iPhone.ActiveCfg = Release|x86
		{3849CF86-180A-4623-87D1-57EF889BA783}.Release|iPhone.Build.0 = Release|x86
		{3849CF86-180A-4623-87D1-57EF889BA783}.Release|iPhone.Deploy.0 = Release|x86
		{3849CF86-180A-4623-87D1-57EF889BA783}.Release|iPhoneSimulator.ActiveCfg = Release|x86
		{3849CF86-180A-4623-87D1-57EF889BA783}.Release|iPhoneSimulator.Build.0 = Release|x86
		{3849CF86-180A-4623-87D1-57EF889BA783}.Release|iPhoneSimulator.Deploy.0 = Release|x86
		{3849CF86-180A-4623-87D1-57EF889BA783}.Release|x64.ActiveCfg = Release|x64
		{3849CF86-180A-4623-87D1-57EF889BA783}.Release|x64.Build.0 = Release|x64
		{3849CF86-180A-4623-87D1-57EF889BA783}.Release|x64.Deploy.0 = Release|x64
		{3849CF86-180A-4623-87D1-57EF889BA783}.Release|x86.ActiveCfg = Release|x86
		{3849CF86-180A-4623-87D1-57EF889BA783}.Release|x86.Build.0 = Release|x86
		{3849CF86-180A-4623-87D1-57EF889BA783}.Release|x86.Deploy.0 = Release|x86
		{96677276-B38F-4603-8624-1DFC28BFAF95}.Debug|Any CPU.ActiveCfg = Debug|Any CPU
		{96677276-B38F-4603-8624-1DFC28BFAF95}.Debug|Any CPU.Build.0 = Debug|Any CPU
		{96677276-B38F-4603-8624-1DFC28BFAF95}.Debug|Any CPU.Deploy.0 = Debug|Any CPU
		{96677276-B38F-4603-8624-1DFC28BFAF95}.Debug|ARM.ActiveCfg = Debug|Any CPU
		{96677276-B38F-4603-8624-1DFC28BFAF95}.Debug|ARM.Build.0 = Debug|Any CPU
		{96677276-B38F-4603-8624-1DFC28BFAF95}.Debug|ARM.Deploy.0 = Debug|Any CPU
		{96677276-B38F-4603-8624-1DFC28BFAF95}.Debug|iPhone.ActiveCfg = Debug|Any CPU
		{96677276-B38F-4603-8624-1DFC28BFAF95}.Debug|iPhone.Build.0 = Debug|Any CPU
		{96677276-B38F-4603-8624-1DFC28BFAF95}.Debug|iPhone.Deploy.0 = Debug|Any CPU
		{96677276-B38F-4603-8624-1DFC28BFAF95}.Debug|iPhoneSimulator.ActiveCfg = Debug|Any CPU
		{96677276-B38F-4603-8624-1DFC28BFAF95}.Debug|iPhoneSimulator.Build.0 = Debug|Any CPU
		{96677276-B38F-4603-8624-1DFC28BFAF95}.Debug|iPhoneSimulator.Deploy.0 = Debug|Any CPU
		{96677276-B38F-4603-8624-1DFC28BFAF95}.Debug|x64.ActiveCfg = Debug|Any CPU
		{96677276-B38F-4603-8624-1DFC28BFAF95}.Debug|x64.Build.0 = Debug|Any CPU
		{96677276-B38F-4603-8624-1DFC28BFAF95}.Debug|x64.Deploy.0 = Debug|Any CPU
		{96677276-B38F-4603-8624-1DFC28BFAF95}.Debug|x86.ActiveCfg = Debug|Any CPU
		{96677276-B38F-4603-8624-1DFC28BFAF95}.Debug|x86.Build.0 = Debug|Any CPU
		{96677276-B38F-4603-8624-1DFC28BFAF95}.Debug|x86.Deploy.0 = Debug|Any CPU
		{96677276-B38F-4603-8624-1DFC28BFAF95}.Release|Any CPU.ActiveCfg = Release|Any CPU
		{96677276-B38F-4603-8624-1DFC28BFAF95}.Release|Any CPU.Build.0 = Release|Any CPU
		{96677276-B38F-4603-8624-1DFC28BFAF95}.Release|Any CPU.Deploy.0 = Release|Any CPU
		{96677276-B38F-4603-8624-1DFC28BFAF95}.Release|ARM.ActiveCfg = Release|Any CPU
		{96677276-B38F-4603-8624-1DFC28BFAF95}.Release|ARM.Build.0 = Release|Any CPU
		{96677276-B38F-4603-8624-1DFC28BFAF95}.Release|ARM.Deploy.0 = Release|Any CPU
		{96677276-B38F-4603-8624-1DFC28BFAF95}.Release|iPhone.ActiveCfg = Release|Any CPU
		{96677276-B38F-4603-8624-1DFC28BFAF95}.Release|iPhone.Build.0 = Release|Any CPU
		{96677276-B38F-4603-8624-1DFC28BFAF95}.Release|iPhone.Deploy.0 = Release|Any CPU
		{96677276-B38F-4603-8624-1DFC28BFAF95}.Release|iPhoneSimulator.ActiveCfg = Release|Any CPU
		{96677276-B38F-4603-8624-1DFC28BFAF95}.Release|iPhoneSimulator.Build.0 = Release|Any CPU
		{96677276-B38F-4603-8624-1DFC28BFAF95}.Release|iPhoneSimulator.Deploy.0 = Release|Any CPU
		{96677276-B38F-4603-8624-1DFC28BFAF95}.Release|x64.ActiveCfg = Release|Any CPU
		{96677276-B38F-4603-8624-1DFC28BFAF95}.Release|x64.Build.0 = Release|Any CPU
		{96677276-B38F-4603-8624-1DFC28BFAF95}.Release|x64.Deploy.0 = Release|Any CPU
		{96677276-B38F-4603-8624-1DFC28BFAF95}.Release|x86.ActiveCfg = Release|Any CPU
		{96677276-B38F-4603-8624-1DFC28BFAF95}.Release|x86.Build.0 = Release|Any CPU
		{96677276-B38F-4603-8624-1DFC28BFAF95}.Release|x86.Deploy.0 = Release|Any CPU
		{2BEEFB07-59F1-4A1C-8A2B-6FF08D2295DF}.Debug|Any CPU.ActiveCfg = Debug|iPhoneSimulator
		{2BEEFB07-59F1-4A1C-8A2B-6FF08D2295DF}.Debug|Any CPU.Build.0 = Debug|iPhoneSimulator
		{2BEEFB07-59F1-4A1C-8A2B-6FF08D2295DF}.Debug|Any CPU.Deploy.0 = Debug|iPhoneSimulator
		{2BEEFB07-59F1-4A1C-8A2B-6FF08D2295DF}.Debug|ARM.ActiveCfg = Debug|iPhone
		{2BEEFB07-59F1-4A1C-8A2B-6FF08D2295DF}.Debug|ARM.Build.0 = Debug|iPhone
		{2BEEFB07-59F1-4A1C-8A2B-6FF08D2295DF}.Debug|ARM.Deploy.0 = Debug|iPhone
		{2BEEFB07-59F1-4A1C-8A2B-6FF08D2295DF}.Debug|iPhone.ActiveCfg = Debug|iPhone
		{2BEEFB07-59F1-4A1C-8A2B-6FF08D2295DF}.Debug|iPhone.Build.0 = Debug|iPhone
		{2BEEFB07-59F1-4A1C-8A2B-6FF08D2295DF}.Debug|iPhone.Deploy.0 = Debug|iPhone
		{2BEEFB07-59F1-4A1C-8A2B-6FF08D2295DF}.Debug|iPhoneSimulator.ActiveCfg = Debug|iPhoneSimulator
		{2BEEFB07-59F1-4A1C-8A2B-6FF08D2295DF}.Debug|iPhoneSimulator.Build.0 = Debug|iPhoneSimulator
		{2BEEFB07-59F1-4A1C-8A2B-6FF08D2295DF}.Debug|iPhoneSimulator.Deploy.0 = Debug|iPhoneSimulator
		{2BEEFB07-59F1-4A1C-8A2B-6FF08D2295DF}.Debug|x64.ActiveCfg = Debug|iPhoneSimulator
		{2BEEFB07-59F1-4A1C-8A2B-6FF08D2295DF}.Debug|x64.Build.0 = Debug|iPhoneSimulator
		{2BEEFB07-59F1-4A1C-8A2B-6FF08D2295DF}.Debug|x64.Deploy.0 = Debug|iPhoneSimulator
		{2BEEFB07-59F1-4A1C-8A2B-6FF08D2295DF}.Debug|x86.ActiveCfg = Debug|iPhoneSimulator
		{2BEEFB07-59F1-4A1C-8A2B-6FF08D2295DF}.Debug|x86.Build.0 = Debug|iPhoneSimulator
		{2BEEFB07-59F1-4A1C-8A2B-6FF08D2295DF}.Debug|x86.Deploy.0 = Debug|iPhoneSimulator
		{2BEEFB07-59F1-4A1C-8A2B-6FF08D2295DF}.Release|Any CPU.ActiveCfg = Release|iPhoneSimulator
		{2BEEFB07-59F1-4A1C-8A2B-6FF08D2295DF}.Release|Any CPU.Build.0 = Release|iPhoneSimulator
		{2BEEFB07-59F1-4A1C-8A2B-6FF08D2295DF}.Release|Any CPU.Deploy.0 = Release|iPhoneSimulator
		{2BEEFB07-59F1-4A1C-8A2B-6FF08D2295DF}.Release|ARM.ActiveCfg = Release|iPhoneSimulator
		{2BEEFB07-59F1-4A1C-8A2B-6FF08D2295DF}.Release|ARM.Build.0 = Release|iPhoneSimulator
		{2BEEFB07-59F1-4A1C-8A2B-6FF08D2295DF}.Release|ARM.Deploy.0 = Release|iPhoneSimulator
		{2BEEFB07-59F1-4A1C-8A2B-6FF08D2295DF}.Release|iPhone.ActiveCfg = Release|iPhone
		{2BEEFB07-59F1-4A1C-8A2B-6FF08D2295DF}.Release|iPhone.Build.0 = Release|iPhone
		{2BEEFB07-59F1-4A1C-8A2B-6FF08D2295DF}.Release|iPhone.Deploy.0 = Release|iPhone
		{2BEEFB07-59F1-4A1C-8A2B-6FF08D2295DF}.Release|iPhoneSimulator.ActiveCfg = Release|iPhoneSimulator
		{2BEEFB07-59F1-4A1C-8A2B-6FF08D2295DF}.Release|iPhoneSimulator.Build.0 = Release|iPhoneSimulator
		{2BEEFB07-59F1-4A1C-8A2B-6FF08D2295DF}.Release|iPhoneSimulator.Deploy.0 = Release|iPhoneSimulator
		{2BEEFB07-59F1-4A1C-8A2B-6FF08D2295DF}.Release|x64.ActiveCfg = Release|iPhoneSimulator
		{2BEEFB07-59F1-4A1C-8A2B-6FF08D2295DF}.Release|x64.Build.0 = Release|iPhoneSimulator
		{2BEEFB07-59F1-4A1C-8A2B-6FF08D2295DF}.Release|x64.Deploy.0 = Release|iPhoneSimulator
		{2BEEFB07-59F1-4A1C-8A2B-6FF08D2295DF}.Release|x86.ActiveCfg = Release|iPhoneSimulator
		{2BEEFB07-59F1-4A1C-8A2B-6FF08D2295DF}.Release|x86.Build.0 = Release|iPhoneSimulator
		{2BEEFB07-59F1-4A1C-8A2B-6FF08D2295DF}.Release|x86.Deploy.0 = Release|iPhoneSimulator
		{CEE1D325-2BF4-4EE6-9508-B8F2B7EAD23F}.Debug|Any CPU.ActiveCfg = Debug|Any CPU
		{CEE1D325-2BF4-4EE6-9508-B8F2B7EAD23F}.Debug|Any CPU.Build.0 = Debug|Any CPU
		{CEE1D325-2BF4-4EE6-9508-B8F2B7EAD23F}.Debug|Any CPU.Deploy.0 = Debug|Any CPU
		{CEE1D325-2BF4-4EE6-9508-B8F2B7EAD23F}.Debug|ARM.ActiveCfg = Debug|Any CPU
		{CEE1D325-2BF4-4EE6-9508-B8F2B7EAD23F}.Debug|ARM.Build.0 = Debug|Any CPU
		{CEE1D325-2BF4-4EE6-9508-B8F2B7EAD23F}.Debug|ARM.Deploy.0 = Debug|Any CPU
		{CEE1D325-2BF4-4EE6-9508-B8F2B7EAD23F}.Debug|iPhone.ActiveCfg = Debug|Any CPU
		{CEE1D325-2BF4-4EE6-9508-B8F2B7EAD23F}.Debug|iPhone.Build.0 = Debug|Any CPU
		{CEE1D325-2BF4-4EE6-9508-B8F2B7EAD23F}.Debug|iPhone.Deploy.0 = Debug|Any CPU
		{CEE1D325-2BF4-4EE6-9508-B8F2B7EAD23F}.Debug|iPhoneSimulator.ActiveCfg = Debug|Any CPU
		{CEE1D325-2BF4-4EE6-9508-B8F2B7EAD23F}.Debug|iPhoneSimulator.Build.0 = Debug|Any CPU
		{CEE1D325-2BF4-4EE6-9508-B8F2B7EAD23F}.Debug|iPhoneSimulator.Deploy.0 = Debug|Any CPU
		{CEE1D325-2BF4-4EE6-9508-B8F2B7EAD23F}.Debug|x64.ActiveCfg = Debug|Any CPU
		{CEE1D325-2BF4-4EE6-9508-B8F2B7EAD23F}.Debug|x64.Build.0 = Debug|Any CPU
		{CEE1D325-2BF4-4EE6-9508-B8F2B7EAD23F}.Debug|x64.Deploy.0 = Debug|Any CPU
		{CEE1D325-2BF4-4EE6-9508-B8F2B7EAD23F}.Debug|x86.ActiveCfg = Debug|Any CPU
		{CEE1D325-2BF4-4EE6-9508-B8F2B7EAD23F}.Debug|x86.Build.0 = Debug|Any CPU
		{CEE1D325-2BF4-4EE6-9508-B8F2B7EAD23F}.Debug|x86.Deploy.0 = Debug|Any CPU
		{CEE1D325-2BF4-4EE6-9508-B8F2B7EAD23F}.Release|Any CPU.ActiveCfg = Release|Any CPU
		{CEE1D325-2BF4-4EE6-9508-B8F2B7EAD23F}.Release|Any CPU.Build.0 = Release|Any CPU
		{CEE1D325-2BF4-4EE6-9508-B8F2B7EAD23F}.Release|Any CPU.Deploy.0 = Release|Any CPU
		{CEE1D325-2BF4-4EE6-9508-B8F2B7EAD23F}.Release|ARM.ActiveCfg = Release|Any CPU
		{CEE1D325-2BF4-4EE6-9508-B8F2B7EAD23F}.Release|ARM.Build.0 = Release|Any CPU
		{CEE1D325-2BF4-4EE6-9508-B8F2B7EAD23F}.Release|ARM.Deploy.0 = Release|Any CPU
		{CEE1D325-2BF4-4EE6-9508-B8F2B7EAD23F}.Release|iPhone.ActiveCfg = Release|Any CPU
		{CEE1D325-2BF4-4EE6-9508-B8F2B7EAD23F}.Release|iPhone.Build.0 = Release|Any CPU
		{CEE1D325-2BF4-4EE6-9508-B8F2B7EAD23F}.Release|iPhone.Deploy.0 = Release|Any CPU
		{CEE1D325-2BF4-4EE6-9508-B8F2B7EAD23F}.Release|iPhoneSimulator.ActiveCfg = Release|Any CPU
		{CEE1D325-2BF4-4EE6-9508-B8F2B7EAD23F}.Release|iPhoneSimulator.Build.0 = Release|Any CPU
		{CEE1D325-2BF4-4EE6-9508-B8F2B7EAD23F}.Release|iPhoneSimulator.Deploy.0 = Release|Any CPU
		{CEE1D325-2BF4-4EE6-9508-B8F2B7EAD23F}.Release|x64.ActiveCfg = Release|Any CPU
		{CEE1D325-2BF4-4EE6-9508-B8F2B7EAD23F}.Release|x64.Build.0 = Release|Any CPU
		{CEE1D325-2BF4-4EE6-9508-B8F2B7EAD23F}.Release|x64.Deploy.0 = Release|Any CPU
		{CEE1D325-2BF4-4EE6-9508-B8F2B7EAD23F}.Release|x86.ActiveCfg = Release|Any CPU
		{CEE1D325-2BF4-4EE6-9508-B8F2B7EAD23F}.Release|x86.Build.0 = Release|Any CPU
		{CEE1D325-2BF4-4EE6-9508-B8F2B7EAD23F}.Release|x86.Deploy.0 = Release|Any CPU
	EndGlobalSection
	GlobalSection(SolutionProperties) = preSolution
		HideSolutionNode = FALSE
	EndGlobalSection
	GlobalSection(ExtensibilityGlobals) = postSolution
		SolutionGuid = {272FA0A6-5F4B-46F8-B37E-90329D96EA93}
	EndGlobalSection
EndGlobal
